
Microsoft Visual Studio Solution File, Format Version 12.00
# Visual Studio 2013
VisualStudioVersion = 12.0.31101.0
MinimumVisualStudioVersion = 10.0.40219.1
Project("{2150E333-8FDC-42A3-9474-1A3956D46DE8}") = "Utility", "Utility", "{9EA42C80-014F-4D5C-99C5-03D923A7BEF8}"
EndProject
Project("{2150E333-8FDC-42A3-9474-1A3956D46DE8}") = "Sequence", "Sequence", "{42091564-022C-45DB-B815-4CEF428692B0}"
EndProject
Project("{FAE04EC0-301F-11D3-BF4B-00C04F79EFBC}") = "Grit.Sequence", "Grit.Sequence\Grit.Sequence.csproj", "{0161CD61-4221-47C3-9567-1695C06DE101}"
EndProject
Project("{FAE04EC0-301F-11D3-BF4B-00C04F79EFBC}") = "Grit.Utility", "Grit.Utility\Grit.Utility.csproj", "{BD3AD860-D5A7-4FBD-91A0-BDF20236E5A8}"
EndProject
Project("{FAE04EC0-301F-11D3-BF4B-00C04F79EFBC}") = "Grit.Sequence.Repository.MySql", "Grit.Sequence.Repository.Mysql\Grit.Sequence.Repository.MySql.csproj", "{C8223CCD-75F4-4B9E-813B-B8A5A83FF758}"
EndProject
Project("{2150E333-8FDC-42A3-9474-1A3956D46DE8}") = "Tree", "Tree", "{4B77C1E6-63EB-44BB-8806-EF2C43CC3863}"
EndProject
Project("{FAE04EC0-301F-11D3-BF4B-00C04F79EFBC}") = "Grit.Tree", "Grit.Tree\Grit.Tree.csproj", "{8C530C2D-566F-4D0C-8368-4E5FC68187B3}"
EndProject
Project("{FAE04EC0-301F-11D3-BF4B-00C04F79EFBC}") = "Grit.Tree.Repository.MySql", "Grit.Tree.Repository.MySql\Grit.Tree.Repository.MySql.csproj", "{B946FF4A-9002-49BA-BE32-2FDA761534AF}"
EndProject
Project("{FAE04EC0-301F-11D3-BF4B-00C04F79EFBC}") = "Grit.Utility.Web", "Grit.Utility.Web\Grit.Utility.Web.csproj", "{07D3C73B-80AB-45A3-A28D-A1D946FEF5E6}"
EndProject
Project("{FAE04EC0-301F-11D3-BF4B-00C04F79EFBC}") = "Grit.Tree.JsTree", "Grit.Tree.JsTree\Grit.Tree.JsTree.csproj", "{63FF4D80-7207-4925-8D2F-19C036FF6E35}"
EndProject
Project("{2150E333-8FDC-42A3-9474-1A3956D46DE8}") = "Settings", "Settings", "{3E4112C9-ED34-4030-A606-015B1F493A7E}"
EndProject
Project("{FAE04EC0-301F-11D3-BF4B-00C04F79EFBC}") = "Settings.Model", "Settings.Model\Settings.Model.csproj", "{D7865771-4584-4C5C-B8B6-C52D35727274}"
EndProject
Project("{FAE04EC0-301F-11D3-BF4B-00C04F79EFBC}") = "Settings.Repository.MySql", "Settings.Repository.MySql\Settings.Repository.MySql.csproj", "{0F355428-29A9-4126-B375-86D8B5663120}"
EndProject
Project("{FAE04EC0-301F-11D3-BF4B-00C04F79EFBC}") = "Settings.Web", "Settings.Web\Settings.Web.csproj", "{D1C67A1A-5312-4BDF-AA2F-C052C1BACB4D}"
EndProject
Project("{FAE04EC0-301F-11D3-BF4B-00C04F79EFBC}") = "Settings.Client.Web", "Settings.Client.Web\Settings.Client.Web.csproj", "{5AB01766-7EB8-4430-8ECC-B8203AC56DA9}"
EndProject
Project("{FAE04EC0-301F-11D3-BF4B-00C04F79EFBC}") = "Settings.Client", "Settings.Client\Settings.Client.csproj", "{977A672D-4530-480E-9CE4-A9B6F874C32F}"
EndProject
Project("{2150E333-8FDC-42A3-9474-1A3956D46DE8}") = "Solution Items", "Solution Items", "{DEBACAF3-D31C-4293-86CF-0CA4B63C77F9}"
	ProjectSection(SolutionItems) = preProject
		README.md = README.md
	EndProjectSection
EndProject
Global
	GlobalSection(SolutionConfigurationPlatforms) = preSolution
		Debug|Any CPU = Debug|Any CPU
		Release|Any CPU = Release|Any CPU
	EndGlobalSection
	GlobalSection(ProjectConfigurationPlatforms) = postSolution
		{0161CD61-4221-47C3-9567-1695C06DE101}.Debug|Any CPU.ActiveCfg = Debug|Any CPU
		{0161CD61-4221-47C3-9567-1695C06DE101}.Debug|Any CPU.Build.0 = Debug|Any CPU
		{0161CD61-4221-47C3-9567-1695C06DE101}.Release|Any CPU.ActiveCfg = Release|Any CPU
		{0161CD61-4221-47C3-9567-1695C06DE101}.Release|Any CPU.Build.0 = Release|Any CPU
		{BD3AD860-D5A7-4FBD-91A0-BDF20236E5A8}.Debug|Any CPU.ActiveCfg = Debug|Any CPU
		{BD3AD860-D5A7-4FBD-91A0-BDF20236E5A8}.Debug|Any CPU.Build.0 = Debug|Any CPU
		{BD3AD860-D5A7-4FBD-91A0-BDF20236E5A8}.Release|Any CPU.ActiveCfg = Release|Any CPU
		{BD3AD860-D5A7-4FBD-91A0-BDF20236E5A8}.Release|Any CPU.Build.0 = Release|Any CPU
		{C8223CCD-75F4-4B9E-813B-B8A5A83FF758}.Debug|Any CPU.ActiveCfg = Debug|Any CPU
		{C8223CCD-75F4-4B9E-813B-B8A5A83FF758}.Debug|Any CPU.Build.0 = Debug|Any CPU
		{C8223CCD-75F4-4B9E-813B-B8A5A83FF758}.Release|Any CPU.ActiveCfg = Release|Any CPU
		{C8223CCD-75F4-4B9E-813B-B8A5A83FF758}.Release|Any CPU.Build.0 = Release|Any CPU
		{8C530C2D-566F-4D0C-8368-4E5FC68187B3}.Debug|Any CPU.ActiveCfg = Debug|Any CPU
		{8C530C2D-566F-4D0C-8368-4E5FC68187B3}.Debug|Any CPU.Build.0 = Debug|Any CPU
		{8C530C2D-566F-4D0C-8368-4E5FC68187B3}.Release|Any CPU.ActiveCfg = Release|Any CPU
		{8C530C2D-566F-4D0C-8368-4E5FC68187B3}.Release|Any CPU.Build.0 = Release|Any CPU
		{B946FF4A-9002-49BA-BE32-2FDA761534AF}.Debug|Any CPU.ActiveCfg = Debug|Any CPU
		{B946FF4A-9002-49BA-BE32-2FDA761534AF}.Debug|Any CPU.Build.0 = Debug|Any CPU
		{B946FF4A-9002-49BA-BE32-2FDA761534AF}.Release|Any CPU.ActiveCfg = Release|Any CPU
		{B946FF4A-9002-49BA-BE32-2FDA761534AF}.Release|Any CPU.Build.0 = Release|Any CPU
		{07D3C73B-80AB-45A3-A28D-A1D946FEF5E6}.Debug|Any CPU.ActiveCfg = Debug|Any CPU
		{07D3C73B-80AB-45A3-A28D-A1D946FEF5E6}.Debug|Any CPU.Build.0 = Debug|Any CPU
		{07D3C73B-80AB-45A3-A28D-A1D946FEF5E6}.Release|Any CPU.ActiveCfg = Release|Any CPU
		{07D3C73B-80AB-45A3-A28D-A1D946FEF5E6}.Release|Any CPU.Build.0 = Release|Any CPU
		{63FF4D80-7207-4925-8D2F-19C036FF6E35}.Debug|Any CPU.ActiveCfg = Debug|Any CPU
		{63FF4D80-7207-4925-8D2F-19C036FF6E35}.Debug|Any CPU.Build.0 = Debug|Any CPU
		{63FF4D80-7207-4925-8D2F-19C036FF6E35}.Release|Any CPU.ActiveCfg = Release|Any CPU
		{63FF4D80-7207-4925-8D2F-19C036FF6E35}.Release|Any CPU.Build.0 = Release|Any CPU
		{D7865771-4584-4C5C-B8B6-C52D35727274}.Debug|Any CPU.ActiveCfg = Debug|Any CPU
		{D7865771-4584-4C5C-B8B6-C52D35727274}.Debug|Any CPU.Build.0 = Debug|Any CPU
		{D7865771-4584-4C5C-B8B6-C52D35727274}.Release|Any CPU.ActiveCfg = Release|Any CPU
		{D7865771-4584-4C5C-B8B6-C52D35727274}.Release|Any CPU.Build.0 = Release|Any CPU
		{0F355428-29A9-4126-B375-86D8B5663120}.Debug|Any CPU.ActiveCfg = Debug|Any CPU
		{0F355428-29A9-4126-B375-86D8B5663120}.Debug|Any CPU.Build.0 = Debug|Any CPU
		{0F355428-29A9-4126-B375-86D8B5663120}.Release|Any CPU.ActiveCfg = Release|Any CPU
		{0F355428-29A9-4126-B375-86D8B5663120}.Release|Any CPU.Build.0 = Release|Any CPU
		{D1C67A1A-5312-4BDF-AA2F-C052C1BACB4D}.Debug|Any CPU.ActiveCfg = Debug|Any CPU
		{D1C67A1A-5312-4BDF-AA2F-C052C1BACB4D}.Debug|Any CPU.Build.0 = Debug|Any CPU
		{D1C67A1A-5312-4BDF-AA2F-C052C1BACB4D}.Release|Any CPU.ActiveCfg = Release|Any CPU
		{D1C67A1A-5312-4BDF-AA2F-C052C1BACB4D}.Release|Any CPU.Build.0 = Release|Any CPU
		{5AB01766-7EB8-4430-8ECC-B8203AC56DA9}.Debug|Any CPU.ActiveCfg = Debug|Any CPU
		{5AB01766-7EB8-4430-8ECC-B8203AC56DA9}.Debug|Any CPU.Build.0 = Debug|Any CPU
		{5AB01766-7EB8-4430-8ECC-B8203AC56DA9}.Release|Any CPU.ActiveCfg = Release|Any CPU
		{5AB01766-7EB8-4430-8ECC-B8203AC56DA9}.Release|Any CPU.Build.0 = Release|Any CPU
		{977A672D-4530-480E-9CE4-A9B6F874C32F}.Debug|Any CPU.ActiveCfg = Debug|Any CPU
		{977A672D-4530-480E-9CE4-A9B6F874C32F}.Debug|Any CPU.Build.0 = Debug|Any CPU
		{977A672D-4530-480E-9CE4-A9B6F874C32F}.Release|Any CPU.ActiveCfg = Release|Any CPU
		{977A672D-4530-480E-9CE4-A9B6F874C32F}.Release|Any CPU.Build.0 = Release|Any CPU
	EndGlobalSection
	GlobalSection(SolutionProperties) = preSolution
		HideSolutionNode = FALSE
	EndGlobalSection
	GlobalSection(NestedProjects) = preSolution
		{0161CD61-4221-47C3-9567-1695C06DE101} = {42091564-022C-45DB-B815-4CEF428692B0}
		{BD3AD860-D5A7-4FBD-91A0-BDF20236E5A8} = {9EA42C80-014F-4D5C-99C5-03D923A7BEF8}
		{C8223CCD-75F4-4B9E-813B-B8A5A83FF758} = {42091564-022C-45DB-B815-4CEF428692B0}
		{8C530C2D-566F-4D0C-8368-4E5FC68187B3} = {4B77C1E6-63EB-44BB-8806-EF2C43CC3863}
		{B946FF4A-9002-49BA-BE32-2FDA761534AF} = {4B77C1E6-63EB-44BB-8806-EF2C43CC3863}
		{07D3C73B-80AB-45A3-A28D-A1D946FEF5E6} = {9EA42C80-014F-4D5C-99C5-03D923A7BEF8}
		{63FF4D80-7207-4925-8D2F-19C036FF6E35} = {4B77C1E6-63EB-44BB-8806-EF2C43CC3863}
		{D7865771-4584-4C5C-B8B6-C52D35727274} = {3E4112C9-ED34-4030-A606-015B1F493A7E}
		{0F355428-29A9-4126-B375-86D8B5663120} = {3E4112C9-ED34-4030-A606-015B1F493A7E}
		{D1C67A1A-5312-4BDF-AA2F-C052C1BACB4D} = {3E4112C9-ED34-4030-A606-015B1F493A7E}
		{5AB01766-7EB8-4430-8ECC-B8203AC56DA9} = {3E4112C9-ED34-4030-A606-015B1F493A7E}
		{977A672D-4530-480E-9CE4-A9B6F874C32F} = {3E4112C9-ED34-4030-A606-015B1F493A7E}
	EndGlobalSection
EndGlobal
